
Microsoft Visual Studio Solution File, Format Version 12.00
# Visual Studio 15
VisualStudioVersion = 15.0.28010.2041
MinimumVisualStudioVersion = 10.0.40219.1
Project("{9A19103F-16F7-4668-BE54-9A1E7A4F7556}") = "Vasily", "Vasily\Vasily.csproj", "{E6A47583-2935-49BF-8DFE-23E865823B8D}"
EndProject
Project("{9A19103F-16F7-4668-BE54-9A1E7A4F7556}") = "VasilyUT", "VasilyUT\VasilyUT.csproj", "{EE4912E8-5BD1-4AA9-8BEE-A5D5732C8B19}"
EndProject
Project("{9A19103F-16F7-4668-BE54-9A1E7A4F7556}") = "VasilyDemo", "VasilyDemo\VasilyDemo.csproj", "{65608C67-3516-4C07-AF7A-C24CA271C88C}"
EndProject
Project("{FAE04EC0-301F-11D3-BF4B-00C04F79EFBC}") = "Vasily.Http", "Vasily.Http\Vasily.Http.csproj", "{1DF9F723-E697-4FC3-83EC-70AE922EDBB2}"
EndProject
Project("{FAE04EC0-301F-11D3-BF4B-00C04F79EFBC}") = "VasilyHttpDemo", "VasilyHttpDemo\VasilyHttpDemo.csproj", "{4ACCB8C2-5631-4AA7-B83B-5224CD15C2FC}"
EndProject
Global
	GlobalSection(SolutionConfigurationPlatforms) = preSolution
		Debug|Any CPU = Debug|Any CPU
		Release|Any CPU = Release|Any CPU
	EndGlobalSection
	GlobalSection(ProjectConfigurationPlatforms) = postSolution
		{E6A47583-2935-49BF-8DFE-23E865823B8D}.Debug|Any CPU.ActiveCfg = Debug|Any CPU
		{E6A47583-2935-49BF-8DFE-23E865823B8D}.Debug|Any CPU.Build.0 = Debug|Any CPU
		{E6A47583-2935-49BF-8DFE-23E865823B8D}.Release|Any CPU.ActiveCfg = Release|Any CPU
		{E6A47583-2935-49BF-8DFE-23E865823B8D}.Release|Any CPU.Build.0 = Release|Any CPU
		{EE4912E8-5BD1-4AA9-8BEE-A5D5732C8B19}.Debug|Any CPU.ActiveCfg = Debug|Any CPU
		{EE4912E8-5BD1-4AA9-8BEE-A5D5732C8B19}.Debug|Any CPU.Build.0 = Debug|Any CPU
		{EE4912E8-5BD1-4AA9-8BEE-A5D5732C8B19}.Release|Any CPU.ActiveCfg = Release|Any CPU
		{EE4912E8-5BD1-4AA9-8BEE-A5D5732C8B19}.Release|Any CPU.Build.0 = Release|Any CPU
		{65608C67-3516-4C07-AF7A-C24CA271C88C}.Debug|Any CPU.ActiveCfg = Debug|Any CPU
		{65608C67-3516-4C07-AF7A-C24CA271C88C}.Debug|Any CPU.Build.0 = Debug|Any CPU
		{65608C67-3516-4C07-AF7A-C24CA271C88C}.Release|Any CPU.ActiveCfg = Release|Any CPU
		{65608C67-3516-4C07-AF7A-C24CA271C88C}.Release|Any CPU.Build.0 = Release|Any CPU
		{1DF9F723-E697-4FC3-83EC-70AE922EDBB2}.Debug|Any CPU.ActiveCfg = Debug|Any CPU
		{1DF9F723-E697-4FC3-83EC-70AE922EDBB2}.Debug|Any CPU.Build.0 = Debug|Any CPU
		{1DF9F723-E697-4FC3-83EC-70AE922EDBB2}.Release|Any CPU.ActiveCfg = Release|Any CPU
		{1DF9F723-E697-4FC3-83EC-70AE922EDBB2}.Release|Any CPU.Build.0 = Release|Any CPU
		{4ACCB8C2-5631-4AA7-B83B-5224CD15C2FC}.Debug|Any CPU.ActiveCfg = Debug|Any CPU
		{4ACCB8C2-5631-4AA7-B83B-5224CD15C2FC}.Debug|Any CPU.Build.0 = Debug|Any CPU
		{4ACCB8C2-5631-4AA7-B83B-5224CD15C2FC}.Release|Any CPU.ActiveCfg = Release|Any CPU
		{4ACCB8C2-5631-4AA7-B83B-5224CD15C2FC}.Release|Any CPU.Build.0 = Release|Any CPU
	EndGlobalSection
	GlobalSection(SolutionProperties) = preSolution
		HideSolutionNode = FALSE
	EndGlobalSection
	GlobalSection(ExtensibilityGlobals) = postSolution
		SolutionGuid = {D3949EC7-0CFF-482E-83E6-0E3F664C4238}
	EndGlobalSection
EndGlobal
